
Microsoft Visual Studio Solution File, Format Version 12.00
# Visual Studio Version 17
VisualStudioVersion = 17.14.36310.24
MinimumVisualStudioVersion = 10.0.40219.1
Project("{2150E333-8FDC-42A3-9474-1A3956D46DE8}") = "src", "src", "{02EA681E-C7D8-13C7-8484-4AC65E1B71E8}"
EndProject
Project("{FAE04EC0-301F-11D3-BF4B-00C04F79EFBC}") = "StudentManagement.Api", "src\StudentManagement.Api\StudentManagement.Api.csproj", "{ECFB7D4F-2E81-4F75-8EE7-2A3A6DC475A1}"
EndProject
Project("{FAE04EC0-301F-11D3-BF4B-00C04F79EFBC}") = "StudentManagement.Domain", "src\StudentManagement.Domain\StudentManagement.Domain.csproj", "{454CAE97-E435-437F-A9A8-D7263257CE80}"
EndProject
Project("{FAE04EC0-301F-11D3-BF4B-00C04F79EFBC}") = "StudentManagement.Application", "src\StudentManagement.Application\StudentManagement.Application.csproj", "{A8F8DDB9-3160-4820-94C5-3EBDB2A999B7}"
EndProject
Project("{FAE04EC0-301F-11D3-BF4B-00C04F79EFBC}") = "StudentManagement.Communication", "src\StudentManagement.Communication\StudentManagement.Communication.csproj", "{03330BD1-ACF5-48B0-83BB-537613D941B1}"
EndProject
Project("{FAE04EC0-301F-11D3-BF4B-00C04F79EFBC}") = "StudentManagement.Exception", "src\StudentManagement.Exception\StudentManagement.Exception.csproj", "{93BCB406-5603-40A9-AA61-2B915883DA74}"
EndProject
Project("{FAE04EC0-301F-11D3-BF4B-00C04F79EFBC}") = "StudentManagement.Infrastructure", "src\StudentManagement.Infrastructure\StudentManagement.Infrastructure.csproj", "{1C3F6678-F84B-468D-9B0B-E217267C0474}"
EndProject
Project("{2150E333-8FDC-42A3-9474-1A3956D46DE8}") = "Itens de Solução", "Itens de Solução", "{380A7511-A354-6D7A-0CC0-8FA1F1BA7B6C}"
	ProjectSection(SolutionItems) = preProject
		docker-compose.yml = docker-compose.yml
		lista_de_objetos.txt = lista_de_objetos.txt
		student-grades.sql = student-grades.sql
		students.sql = students.sql
	EndProjectSection
EndProject
Global
	GlobalSection(SolutionConfigurationPlatforms) = preSolution
		Debug|Any CPU = Debug|Any CPU
		Release|Any CPU = Release|Any CPU
	EndGlobalSection
	GlobalSection(ProjectConfigurationPlatforms) = postSolution
		{ECFB7D4F-2E81-4F75-8EE7-2A3A6DC475A1}.Debug|Any CPU.ActiveCfg = Debug|Any CPU
		{ECFB7D4F-2E81-4F75-8EE7-2A3A6DC475A1}.Debug|Any CPU.Build.0 = Debug|Any CPU
		{ECFB7D4F-2E81-4F75-8EE7-2A3A6DC475A1}.Release|Any CPU.ActiveCfg = Release|Any CPU
		{ECFB7D4F-2E81-4F75-8EE7-2A3A6DC475A1}.Release|Any CPU.Build.0 = Release|Any CPU
		{454CAE97-E435-437F-A9A8-D7263257CE80}.Debug|Any CPU.ActiveCfg = Debug|Any CPU
		{454CAE97-E435-437F-A9A8-D7263257CE80}.Debug|Any CPU.Build.0 = Debug|Any CPU
		{454CAE97-E435-437F-A9A8-D7263257CE80}.Release|Any CPU.ActiveCfg = Release|Any CPU
		{454CAE97-E435-437F-A9A8-D7263257CE80}.Release|Any CPU.Build.0 = Release|Any CPU
		{A8F8DDB9-3160-4820-94C5-3EBDB2A999B7}.Debug|Any CPU.ActiveCfg = Debug|Any CPU
		{A8F8DDB9-3160-4820-94C5-3EBDB2A999B7}.Debug|Any CPU.Build.0 = Debug|Any CPU
		{A8F8DDB9-3160-4820-94C5-3EBDB2A999B7}.Release|Any CPU.ActiveCfg = Release|Any CPU
		{A8F8DDB9-3160-4820-94C5-3EBDB2A999B7}.Release|Any CPU.Build.0 = Release|Any CPU
		{03330BD1-ACF5-48B0-83BB-537613D941B1}.Debug|Any CPU.ActiveCfg = Debug|Any CPU
		{03330BD1-ACF5-48B0-83BB-537613D941B1}.Debug|Any CPU.Build.0 = Debug|Any CPU
		{03330BD1-ACF5-48B0-83BB-537613D941B1}.Release|Any CPU.ActiveCfg = Release|Any CPU
		{03330BD1-ACF5-48B0-83BB-537613D941B1}.Release|Any CPU.Build.0 = Release|Any CPU
		{93BCB406-5603-40A9-AA61-2B915883DA74}.Debug|Any CPU.ActiveCfg = Debug|Any CPU
		{93BCB406-5603-40A9-AA61-2B915883DA74}.Debug|Any CPU.Build.0 = Debug|Any CPU
		{93BCB406-5603-40A9-AA61-2B915883DA74}.Release|Any CPU.ActiveCfg = Release|Any CPU
		{93BCB406-5603-40A9-AA61-2B915883DA74}.Release|Any CPU.Build.0 = Release|Any CPU
		{1C3F6678-F84B-468D-9B0B-E217267C0474}.Debug|Any CPU.ActiveCfg = Debug|Any CPU
		{1C3F6678-F84B-468D-9B0B-E217267C0474}.Debug|Any CPU.Build.0 = Debug|Any CPU
		{1C3F6678-F84B-468D-9B0B-E217267C0474}.Release|Any CPU.ActiveCfg = Release|Any CPU
		{1C3F6678-F84B-468D-9B0B-E217267C0474}.Release|Any CPU.Build.0 = Release|Any CPU
	EndGlobalSection
	GlobalSection(SolutionProperties) = preSolution
		HideSolutionNode = FALSE
	EndGlobalSection
	GlobalSection(NestedProjects) = preSolution
		{ECFB7D4F-2E81-4F75-8EE7-2A3A6DC475A1} = {02EA681E-C7D8-13C7-8484-4AC65E1B71E8}
		{454CAE97-E435-437F-A9A8-D7263257CE80} = {02EA681E-C7D8-13C7-8484-4AC65E1B71E8}
		{A8F8DDB9-3160-4820-94C5-3EBDB2A999B7} = {02EA681E-C7D8-13C7-8484-4AC65E1B71E8}
		{03330BD1-ACF5-48B0-83BB-537613D941B1} = {02EA681E-C7D8-13C7-8484-4AC65E1B71E8}
		{93BCB406-5603-40A9-AA61-2B915883DA74} = {02EA681E-C7D8-13C7-8484-4AC65E1B71E8}
		{1C3F6678-F84B-468D-9B0B-E217267C0474} = {02EA681E-C7D8-13C7-8484-4AC65E1B71E8}
	EndGlobalSection
	GlobalSection(ExtensibilityGlobals) = postSolution
		SolutionGuid = {E9A54777-142C-40A2-A041-1D9025E42ADC}
	EndGlobalSection
EndGlobal
